
Microsoft Visual Studio Solution File, Format Version 12.00
# Visual Studio Version 16
VisualStudioVersion = 16.0.30225.117
MinimumVisualStudioVersion = 10.0.40219.1
Project("{888888A0-9F3D-457C-B088-3A5042F75D52}") = "NeuralNetwork-draft", "NeuralNetwork-draft\NeuralNetwork-draft.pyproj", "{1B5097E5-A0CB-4CBD-92D9-EB848E2EE502}"
EndProject
Global
	GlobalSection(SolutionConfigurationPlatforms) = preSolution
		Debug|Any CPU = Debug|Any CPU
		Release|Any CPU = Release|Any CPU
	EndGlobalSection
	GlobalSection(ProjectConfigurationPlatforms) = postSolution
		{1B5097E5-A0CB-4CBD-92D9-EB848E2EE502}.Debug|Any CPU.ActiveCfg = Debug|Any CPU
		{1B5097E5-A0CB-4CBD-92D9-EB848E2EE502}.Release|Any CPU.ActiveCfg = Release|Any CPU
	EndGlobalSection
	GlobalSection(SolutionProperties) = preSolution
		HideSolutionNode = FALSE
	EndGlobalSection
	GlobalSection(ExtensibilityGlobals) = postSolution
		SolutionGuid = {93DDD6F6-7342-4588-BCCC-18556ED2BC11}
	EndGlobalSection
EndGlobal
